// !$*UTF8*$!
{
	archiveVersion = 1;
	classes = {
	};
	objectVersion = 50;
	objects = {

/* Begin PBXBuildFile section */
		4F27749B25E1ABEA00406A12 /* MainView.swift in Sources */ = {isa = PBXBuildFile; fileRef = 4F27749A25E1ABEA00406A12 /* MainView.swift */; };
		4F27749E25E1AE6C00406A12 /* InfoModel.swift in Sources */ = {isa = PBXBuildFile; fileRef = 4F27749D25E1AE6C00406A12 /* InfoModel.swift */; };
		4F2774A125E1AE7E00406A12 /* ViewModel.swift in Sources */ = {isa = PBXBuildFile; fileRef = 4F2774A025E1AE7E00406A12 /* ViewModel.swift */; };
		4F2774A525E1B2B500406A12 /* Login.swift in Sources */ = {isa = PBXBuildFile; fileRef = 4F2774A425E1B2B500406A12 /* Login.swift */; };
		787B98CE25E1A59F00631B5D /* uriApp.swift in Sources */ = {isa = PBXBuildFile; fileRef = 787B98CD25E1A59F00631B5D /* uriApp.swift */; };
		787B98D025E1A59F00631B5D /* ContentView.swift in Sources */ = {isa = PBXBuildFile; fileRef = 787B98CF25E1A59F00631B5D /* ContentView.swift */; };
		787B98D225E1A5A000631B5D /* Assets.xcassets in Resources */ = {isa = PBXBuildFile; fileRef = 787B98D125E1A5A000631B5D /* Assets.xcassets */; };
		787B98D525E1A5A000631B5D /* Preview Assets.xcassets in Resources */ = {isa = PBXBuildFile; fileRef = 787B98D425E1A5A000631B5D /* Preview Assets.xcassets */; };
/* End PBXBuildFile section */

/* Begin PBXFileReference section */
		4F27749A25E1ABEA00406A12 /* MainView.swift */ = {isa = PBXFileReference; lastKnownFileType = sourcecode.swift; path = MainView.swift; sourceTree = "<group>"; };
		4F27749D25E1AE6C00406A12 /* InfoModel.swift */ = {isa = PBXFileReference; lastKnownFileType = sourcecode.swift; path = InfoModel.swift; sourceTree = "<group>"; };
		4F2774A025E1AE7E00406A12 /* ViewModel.swift */ = {isa = PBXFileReference; lastKnownFileType = sourcecode.swift; path = ViewModel.swift; sourceTree = "<group>"; };
		4F2774A425E1B2B500406A12 /* Login.swift */ = {isa = PBXFileReference; lastKnownFileType = sourcecode.swift; path = Login.swift; sourceTree = "<group>"; };
		787B98CA25E1A59F00631B5D /* uri.app */ = {isa = PBXFileReference; explicitFileType = wrapper.application; includeInIndex = 0; path = uri.app; sourceTree = BUILT_PRODUCTS_DIR; };
		787B98CD25E1A59F00631B5D /* uriApp.swift */ = {isa = PBXFileReference; lastKnownFileType = sourcecode.swift; path = uriApp.swift; sourceTree = "<group>"; };
		787B98CF25E1A59F00631B5D /* ContentView.swift */ = {isa = PBXFileReference; lastKnownFileType = sourcecode.swift; path = ContentView.swift; sourceTree = "<group>"; };
		787B98D125E1A5A000631B5D /* Assets.xcassets */ = {isa = PBXFileReference; lastKnownFileType = folder.assetcatalog; path = Assets.xcassets; sourceTree = "<group>"; };
		787B98D425E1A5A000631B5D /* Preview Assets.xcassets */ = {isa = PBXFileReference; lastKnownFileType = folder.assetcatalog; path = "Preview Assets.xcassets"; sourceTree = "<group>"; };
		787B98D625E1A5A000631B5D /* Info.plist */ = {isa = PBXFileReference; lastKnownFileType = text.plist.xml; path = Info.plist; sourceTree = "<group>"; };
/* End PBXFileReference section */

/* Begin PBXFrameworksBuildPhase section */
		787B98C725E1A59F00631B5D /* Frameworks */ = {
			isa = PBXFrameworksBuildPhase;
			buildActionMask = 2147483647;
			files = (
			);
			runOnlyForDeploymentPostprocessing = 0;
		};
/* End PBXFrameworksBuildPhase section */

/* Begin PBXGroup section */
		787B98C125E1A59F00631B5D = {
			isa = PBXGroup;
			children = (
				787B98CC25E1A59F00631B5D /* uri */,
				787B98CB25E1A59F00631B5D /* Products */,
			);
			sourceTree = "<group>";
		};
		787B98CB25E1A59F00631B5D /* Products */ = {
			isa = PBXGroup;
			children = (
				787B98CA25E1A59F00631B5D /* uri.app */,
			);
			name = Products;
			sourceTree = "<group>";
		};
		787B98CC25E1A59F00631B5D /* uri */ = {
			isa = PBXGroup;
			children = (
				787B98CD25E1A59F00631B5D /* uriApp.swift */,
				787B98CF25E1A59F00631B5D /* ContentView.swift */,
				787B98D125E1A5A000631B5D /* Assets.xcassets */,
				787B98D625E1A5A000631B5D /* Info.plist */,
				787B98D325E1A5A000631B5D /* Preview Content */,
				4F27749A25E1ABEA00406A12 /* MainView.swift */,
				4F27749D25E1AE6C00406A12 /* InfoModel.swift */,
				4F2774A025E1AE7E00406A12 /* ViewModel.swift */,
				4F2774A425E1B2B500406A12 /* Login.swift */,
			);
			path = uri;
			sourceTree = "<group>";
		};
		787B98D325E1A5A000631B5D /* Preview Content */ = {
			isa = PBXGroup;
			children = (
				787B98D425E1A5A000631B5D /* Preview Assets.xcassets */,
			);
			path = "Preview Content";
			sourceTree = "<group>";
		};
/* End PBXGroup section */

/* Begin PBXNativeTarget section */
		787B98C925E1A59F00631B5D /* uri */ = {
			isa = PBXNativeTarget;
			buildConfigurationList = 787B98D925E1A5A000631B5D /* Build configuration list for PBXNativeTarget "uri" */;
			buildPhases = (
				787B98C625E1A59F00631B5D /* Sources */,
				787B98C725E1A59F00631B5D /* Frameworks */,
				787B98C825E1A59F00631B5D /* Resources */,
			);
			buildRules = (
			);
			dependencies = (
			);
			name = uri;
			productName = uri;
			productReference = 787B98CA25E1A59F00631B5D /* uri.app */;
			productType = "com.apple.product-type.application";
		};
/* End PBXNativeTarget section */

/* Begin PBXProject section */
		787B98C225E1A59F00631B5D /* Project object */ = {
			isa = PBXProject;
			attributes = {
				LastSwiftUpdateCheck = 1250;
				LastUpgradeCheck = 1250;
				TargetAttributes = {
					787B98C925E1A59F00631B5D = {
						CreatedOnToolsVersion = 12.5;
					};
				};
			};
			buildConfigurationList = 787B98C525E1A59F00631B5D /* Build configuration list for PBXProject "uri" */;
			compatibilityVersion = "Xcode 9.3";
			developmentRegion = en;
			hasScannedForEncodings = 0;
			knownRegions = (
				en,
				Base,
			);
			mainGroup = 787B98C125E1A59F00631B5D;
			productRefGroup = 787B98CB25E1A59F00631B5D /* Products */;
			projectDirPath = "";
			projectRoot = "";
			targets = (
				787B98C925E1A59F00631B5D /* uri */,
			);
		};
/* End PBXProject section */

/* Begin PBXResourcesBuildPhase section */
		787B98C825E1A59F00631B5D /* Resources */ = {
			isa = PBXResourcesBuildPhase;
			buildActionMask = 2147483647;
			files = (
				787B98D525E1A5A000631B5D /* Preview Assets.xcassets in Resources */,
				787B98D225E1A5A000631B5D /* Assets.xcassets in Resources */,
			);
			runOnlyForDeploymentPostprocessing = 0;
		};
/* End PBXResourcesBuildPhase section */

/* Begin PBXSourcesBuildPhase section */
		787B98C625E1A59F00631B5D /* Sources */ = {
			isa = PBXSourcesBuildPhase;
			buildActionMask = 2147483647;
			files = (
				4F2774A125E1AE7E00406A12 /* ViewModel.swift in Sources */,
				787B98D025E1A59F00631B5D /* ContentView.swift in Sources */,
				4F27749B25E1ABEA00406A12 /* MainView.swift in Sources */,
				4F2774A525E1B2B500406A12 /* Login.swift in Sources */,
				787B98CE25E1A59F00631B5D /* uriApp.swift in Sources */,
				4F27749E25E1AE6C00406A12 /* InfoModel.swift in Sources */,
			);
			runOnlyForDeploymentPostprocessing = 0;
		};
/* End PBXSourcesBuildPhase section */

/* Begin XCBuildConfiguration section */
		787B98D725E1A5A000631B5D /* Debug */ = {
			isa = XCBuildConfiguration;
			buildSettings = {
				ALWAYS_SEARCH_USER_PATHS = NO;
				CLANG_ANALYZER_NONNULL = YES;
				CLANG_ANALYZER_NUMBER_OBJECT_CONVERSION = YES_AGGRESSIVE;
				CLANG_CXX_LANGUAGE_STANDARD = "gnu++14";
				CLANG_CXX_LIBRARY = "libc++";
				CLANG_ENABLE_MODULES = YES;
				CLANG_ENABLE_OBJC_ARC = YES;
				CLANG_ENABLE_OBJC_WEAK = YES;
				CLANG_WARN_BLOCK_CAPTURE_AUTORELEASING = YES;
				CLANG_WARN_BOOL_CONVERSION = YES;
				CLANG_WARN_COMMA = YES;
				CLANG_WARN_CONSTANT_CONVERSION = YES;
				CLANG_WARN_DEPRECATED_OBJC_IMPLEMENTATIONS = YES;
				CLANG_WARN_DIRECT_OBJC_ISA_USAGE = YES_ERROR;
				CLANG_WARN_DOCUMENTATION_COMMENTS = YES;
				CLANG_WARN_EMPTY_BODY = YES;
				CLANG_WARN_ENUM_CONVERSION = YES;
				CLANG_WARN_INFINITE_RECURSION = YES;
				CLANG_WARN_INT_CONVERSION = YES;
				CLANG_WARN_NON_LITERAL_NULL_CONVERSION = YES;
				CLANG_WARN_OBJC_IMPLICIT_RETAIN_SELF = YES;
				CLANG_WARN_OBJC_LITERAL_CONVERSION = YES;
				CLANG_WARN_OBJC_ROOT_CLASS = YES_ERROR;
				CLANG_WARN_QUOTED_INCLUDE_IN_FRAMEWORK_HEADER = YES;
				CLANG_WARN_RANGE_LOOP_ANALYSIS = YES;
				CLANG_WARN_STRICT_PROTOTYPES = YES;
				CLANG_WARN_SUSPICIOUS_MOVE = YES;
				CLANG_WARN_UNGUARDED_AVAILABILITY = YES_AGGRESSIVE;
				CLANG_WARN_UNREACHABLE_CODE = YES;
				CLANG_WARN__DUPLICATE_METHOD_MATCH = YES;
				COPY_PHASE_STRIP = NO;
				DEBUG_INFORMATION_FORMAT = dwarf;
				ENABLE_STRICT_OBJC_MSGSEND = YES;
				ENABLE_TESTABILITY = YES;
				GCC_C_LANGUAGE_STANDARD = gnu11;
				GCC_DYNAMIC_NO_PIC = NO;
				GCC_NO_COMMON_BLOCKS = YES;
				GCC_OPTIMIZATION_LEVEL = 0;
				GCC_PREPROCESSOR_DEFINITIONS = (
					"DEBUG=1",
					"$(inherited)",
				);
				GCC_WARN_64_TO_32_BIT_CONVERSION = YES;
				GCC_WARN_ABOUT_RETURN_TYPE = YES_ERROR;
				GCC_WARN_UNDECLARED_SELECTOR = YES;
				GCC_WARN_UNINITIALIZED_AUTOS = YES_AGGRESSIVE;
				GCC_WARN_UNUSED_FUNCTION = YES;
				GCC_WARN_UNUSED_VARIABLE = YES;
				IPHONEOS_DEPLOYMENT_TARGET = 14.5;
				MTL_ENABLE_DEBUG_INFO = INCLUDE_SOURCE;
				MTL_FAST_MATH = YES;
				ONLY_ACTIVE_ARCH = YES;
				SDKROOT = iphoneos;
				SWIFT_ACTIVE_COMPILATION_CONDITIONS = DEBUG;
				SWIFT_OPTIMIZATION_LEVEL = "-Onone";
			};
			name = Debug;
		};
		787B98D825E1A5A000631B5D /* Release */ = {
			isa = XCBuildConfiguration;
			buildSettings = {
				ALWAYS_SEARCH_USER_PATHS = NO;
				CLANG_ANALYZER_NONNULL = YES;
				CLANG_ANALYZER_NUMBER_OBJECT_CONVERSION = YES_AGGRESSIVE;
				CLANG_CXX_LANGUAGE_STANDARD = "gnu++14";
				CLANG_CXX_LIBRARY = "libc++";
				CLANG_ENABLE_MODULES = YES;
				CLANG_ENABLE_OBJC_ARC = YES;
				CLANG_ENABLE_OBJC_WEAK = YES;
				CLANG_WARN_BLOCK_CAPTURE_AUTORELEASING = YES;
				CLANG_WARN_BOOL_CONVERSION = YES;
				CLANG_WARN_COMMA = YES;
				CLANG_WARN_CONSTANT_CONVERSION = YES;
				CLANG_WARN_DEPRECATED_OBJC_IMPLEMENTATIONS = YES;
				CLANG_WARN_DIRECT_OBJC_ISA_USAGE = YES_ERROR;
				CLANG_WARN_DOCUMENTATION_COMMENTS = YES;
				CLANG_WARN_EMPTY_BODY = YES;
				CLANG_WARN_ENUM_CONVERSION = YES;
				CLANG_WARN_INFINITE_RECURSION = YES;
				CLANG_WARN_INT_CONVERSION = YES;
				CLANG_WARN_NON_LITERAL_NULL_CONVERSION = YES;
				CLANG_WARN_OBJC_IMPLICIT_RETAIN_SELF = YES;
				CLANG_WARN_OBJC_LITERAL_CONVERSION = YES;
				CLANG_WARN_OBJC_ROOT_CLASS = YES_ERROR;
				CLANG_WARN_QUOTED_INCLUDE_IN_FRAMEWORK_HEADER = YES;
				CLANG_WARN_RANGE_LOOP_ANALYSIS = YES;
				CLANG_WARN_STRICT_PROTOTYPES = YES;
				CLANG_WARN_SUSPICIOUS_MOVE = YES;
				CLANG_WARN_UNGUARDED_AVAILABILITY = YES_AGGRESSIVE;
				CLANG_WARN_UNREACHABLE_CODE = YES;
				CLANG_WARN__DUPLICATE_METHOD_MATCH = YES;
				COPY_PHASE_STRIP = NO;
				DEBUG_INFORMATION_FORMAT = "dwarf-with-dsym";
				ENABLE_NS_ASSERTIONS = NO;
				ENABLE_STRICT_OBJC_MSGSEND = YES;
				GCC_C_LANGUAGE_STANDARD = gnu11;
				GCC_NO_COMMON_BLOCKS = YES;
				GCC_WARN_64_TO_32_BIT_CONVERSION = YES;
				GCC_WARN_ABOUT_RETURN_TYPE = YES_ERROR;
				GCC_WARN_UNDECLARED_SELECTOR = YES;
				GCC_WARN_UNINITIALIZED_AUTOS = YES_AGGRESSIVE;
				GCC_WARN_UNUSED_FUNCTION = YES;
				GCC_WARN_UNUSED_VARIABLE = YES;
				IPHONEOS_DEPLOYMENT_TARGET = 14.5;
				MTL_ENABLE_DEBUG_INFO = NO;
				MTL_FAST_MATH = YES;
				SDKROOT = iphoneos;
				SWIFT_COMPILATION_MODE = wholemodule;
				SWIFT_OPTIMIZATION_LEVEL = "-O";
				VALIDATE_PRODUCT = YES;
			};
			name = Release;
		};
		787B98DA25E1A5A000631B5D /* Debug */ = {
			isa = XCBuildConfiguration;
			buildSettings = {
				ASSETCATALOG_COMPILER_APPICON_NAME = AppIcon;
				ASSETCATALOG_COMPILER_GLOBAL_ACCENT_COLOR_NAME = AccentColor;
				CODE_SIGN_STYLE = Automatic;
				DEVELOPMENT_ASSET_PATHS = "\"uri/Preview Content\"";
				DEVELOPMENT_TEAM = 65VEZ757KM;
				ENABLE_PREVIEWS = YES;
				INFOPLIST_FILE = uri/Info.plist;
				IPHONEOS_DEPLOYMENT_TARGET = 14.0;
				LD_RUNPATH_SEARCH_PATHS = (
					"$(inherited)",
					"@executable_path/Frameworks",
				);
				PRODUCT_BUNDLE_IDENTIFIER = "arpan-dhatt.uri";
				PRODUCT_NAME = "$(TARGET_NAME)";
				SWIFT_VERSION = 5.0;
				TARGETED_DEVICE_FAMILY = "1,2";
			};
			name = Debug;
		};
		787B98DB25E1A5A000631B5D /* Release */ = {
			isa = XCBuildConfiguration;
			buildSettings = {
				ASSETCATALOG_COMPILER_APPICON_NAME = AppIcon;
				ASSETCATALOG_COMPILER_GLOBAL_ACCENT_COLOR_NAME = AccentColor;
				CODE_SIGN_STYLE = Automatic;
				DEVELOPMENT_ASSET_PATHS = "\"uri/Preview Content\"";
				DEVELOPMENT_TEAM = 65VEZ757KM;
				ENABLE_PREVIEWS = YES;
				INFOPLIST_FILE = uri/Info.plist;
				IPHONEOS_DEPLOYMENT_TARGET = 14.0;
				LD_RUNPATH_SEARCH_PATHS = (
					"$(inherited)",
					"@executable_path/Frameworks",
				);
				PRODUCT_BUNDLE_IDENTIFIER = "arpan-dhatt.uri";
				PRODUCT_NAME = "$(TARGET_NAME)";
				SWIFT_VERSION = 5.0;
				TARGETED_DEVICE_FAMILY = "1,2";
			};
			name = Release;
		};
/* End XCBuildConfiguration section */

/* Begin XCConfigurationList section */
		787B98C525E1A59F00631B5D /* Build configuration list for PBXProject "uri" */ = {
			isa = XCConfigurationList;
			buildConfigurations = (
				787B98D725E1A5A000631B5D /* Debug */,
				787B98D825E1A5A000631B5D /* Release */,
			);
			defaultConfigurationIsVisible = 0;
			defaultConfigurationName = Release;
		};
		787B98D925E1A5A000631B5D /* Build configuration list for PBXNativeTarget "uri" */ = {
			isa = XCConfigurationList;
			buildConfigurations = (
				787B98DA25E1A5A000631B5D /* Debug */,
				787B98DB25E1A5A000631B5D /* Release */,
			);
			defaultConfigurationIsVisible = 0;
			defaultConfigurationName = Release;
		};
/* End XCConfigurationList section */
	};
	rootObject = 787B98C225E1A59F00631B5D /* Project object */;
}
